
Microsoft Visual Studio Solution File, Format Version 12.00
# Visual Studio Version 17
VisualStudioVersion = 17.2.32616.157
MinimumVisualStudioVersion = 10.0.40219.1
Project("{9A19103F-16F7-4668-BE54-9A1E7A4F7556}") = "LabWorks", "LabWorks\LabWorks.csproj", "{0511A8BF-9011-4C87-B965-4AA4DFA5CC43}"
EndProject
Project("{9A19103F-16F7-4668-BE54-9A1E7A4F7556}") = "LabWork0", "LabWork0\LabWork0.csproj", "{642E2A0B-E8C3-4753-BA05-5739690EBF39}"
EndProject
Project("{9A19103F-16F7-4668-BE54-9A1E7A4F7556}") = "LabWork1", "LabWork1\LabWork1.csproj", "{5E4A0479-43EE-4FF5-8C79-1E214A854D0A}"
EndProject
Project("{9A19103F-16F7-4668-BE54-9A1E7A4F7556}") = "LabWork2", "LabWork2\LabWork2.csproj", "{6472C895-6D06-47A4-AA2D-CC49EDA8CA66}"
EndProject
Project("{9A19103F-16F7-4668-BE54-9A1E7A4F7556}") = "LabWork3", "LabWork3\LabWork3.csproj", "{60CA8ED3-C71D-4E9A-A575-F8C33BD563EA}"
EndProject
Project("{9A19103F-16F7-4668-BE54-9A1E7A4F7556}") = "LabWork4", "LabWork4\LabWork4.csproj", "{FE4D4894-904D-471A-A728-1F5C0ADC13EF}"
EndProject
Project("{9A19103F-16F7-4668-BE54-9A1E7A4F7556}") = "LabWork5", "LabWork5\LabWork5.csproj", "{FFEB397E-020C-4700-89B1-B3E8F2DC0106}"
EndProject
Project("{FAE04EC0-301F-11D3-BF4B-00C04F79EFBC}") = "LabWork6", "LabWork6\LabWork6.csproj", "{96FFD96F-17BF-46D3-ABAF-8CBEE1DDD25B}"
EndProject
Project("{FAE04EC0-301F-11D3-BF4B-00C04F79EFBC}") = "Anagram.Tests", "Anagram.Tests\Anagram.Tests.csproj", "{22AD8D04-529B-4719-9C2F-F1CE158FA7C9}"
EndProject
Global
	GlobalSection(SolutionConfigurationPlatforms) = preSolution
		Debug|Any CPU = Debug|Any CPU
		Release|Any CPU = Release|Any CPU
	EndGlobalSection
	GlobalSection(ProjectConfigurationPlatforms) = postSolution
		{0511A8BF-9011-4C87-B965-4AA4DFA5CC43}.Debug|Any CPU.ActiveCfg = Debug|Any CPU
		{0511A8BF-9011-4C87-B965-4AA4DFA5CC43}.Debug|Any CPU.Build.0 = Debug|Any CPU
		{0511A8BF-9011-4C87-B965-4AA4DFA5CC43}.Release|Any CPU.ActiveCfg = Release|Any CPU
		{0511A8BF-9011-4C87-B965-4AA4DFA5CC43}.Release|Any CPU.Build.0 = Release|Any CPU
		{642E2A0B-E8C3-4753-BA05-5739690EBF39}.Debug|Any CPU.ActiveCfg = Debug|Any CPU
		{642E2A0B-E8C3-4753-BA05-5739690EBF39}.Debug|Any CPU.Build.0 = Debug|Any CPU
		{642E2A0B-E8C3-4753-BA05-5739690EBF39}.Release|Any CPU.ActiveCfg = Release|Any CPU
		{642E2A0B-E8C3-4753-BA05-5739690EBF39}.Release|Any CPU.Build.0 = Release|Any CPU
		{5E4A0479-43EE-4FF5-8C79-1E214A854D0A}.Debug|Any CPU.ActiveCfg = Debug|Any CPU
		{5E4A0479-43EE-4FF5-8C79-1E214A854D0A}.Debug|Any CPU.Build.0 = Debug|Any CPU
		{5E4A0479-43EE-4FF5-8C79-1E214A854D0A}.Release|Any CPU.ActiveCfg = Release|Any CPU
		{5E4A0479-43EE-4FF5-8C79-1E214A854D0A}.Release|Any CPU.Build.0 = Release|Any CPU
		{6472C895-6D06-47A4-AA2D-CC49EDA8CA66}.Debug|Any CPU.ActiveCfg = Debug|Any CPU
		{6472C895-6D06-47A4-AA2D-CC49EDA8CA66}.Debug|Any CPU.Build.0 = Debug|Any CPU
		{6472C895-6D06-47A4-AA2D-CC49EDA8CA66}.Release|Any CPU.ActiveCfg = Release|Any CPU
		{6472C895-6D06-47A4-AA2D-CC49EDA8CA66}.Release|Any CPU.Build.0 = Release|Any CPU
		{60CA8ED3-C71D-4E9A-A575-F8C33BD563EA}.Debug|Any CPU.ActiveCfg = Debug|Any CPU
		{60CA8ED3-C71D-4E9A-A575-F8C33BD563EA}.Debug|Any CPU.Build.0 = Debug|Any CPU
		{60CA8ED3-C71D-4E9A-A575-F8C33BD563EA}.Release|Any CPU.ActiveCfg = Release|Any CPU
		{60CA8ED3-C71D-4E9A-A575-F8C33BD563EA}.Release|Any CPU.Build.0 = Release|Any CPU
		{FE4D4894-904D-471A-A728-1F5C0ADC13EF}.Debug|Any CPU.ActiveCfg = Debug|Any CPU
		{FE4D4894-904D-471A-A728-1F5C0ADC13EF}.Debug|Any CPU.Build.0 = Debug|Any CPU
		{FE4D4894-904D-471A-A728-1F5C0ADC13EF}.Release|Any CPU.ActiveCfg = Release|Any CPU
		{FE4D4894-904D-471A-A728-1F5C0ADC13EF}.Release|Any CPU.Build.0 = Release|Any CPU
		{FFEB397E-020C-4700-89B1-B3E8F2DC0106}.Debug|Any CPU.ActiveCfg = Debug|Any CPU
		{FFEB397E-020C-4700-89B1-B3E8F2DC0106}.Debug|Any CPU.Build.0 = Debug|Any CPU
		{FFEB397E-020C-4700-89B1-B3E8F2DC0106}.Release|Any CPU.ActiveCfg = Release|Any CPU
		{FFEB397E-020C-4700-89B1-B3E8F2DC0106}.Release|Any CPU.Build.0 = Release|Any CPU
		{96FFD96F-17BF-46D3-ABAF-8CBEE1DDD25B}.Debug|Any CPU.ActiveCfg = Debug|Any CPU
		{96FFD96F-17BF-46D3-ABAF-8CBEE1DDD25B}.Debug|Any CPU.Build.0 = Debug|Any CPU
		{96FFD96F-17BF-46D3-ABAF-8CBEE1DDD25B}.Release|Any CPU.ActiveCfg = Release|Any CPU
		{96FFD96F-17BF-46D3-ABAF-8CBEE1DDD25B}.Release|Any CPU.Build.0 = Release|Any CPU
		{22AD8D04-529B-4719-9C2F-F1CE158FA7C9}.Debug|Any CPU.ActiveCfg = Debug|Any CPU
		{22AD8D04-529B-4719-9C2F-F1CE158FA7C9}.Debug|Any CPU.Build.0 = Debug|Any CPU
		{22AD8D04-529B-4719-9C2F-F1CE158FA7C9}.Release|Any CPU.ActiveCfg = Release|Any CPU
		{22AD8D04-529B-4719-9C2F-F1CE158FA7C9}.Release|Any CPU.Build.0 = Release|Any CPU
	EndGlobalSection
	GlobalSection(SolutionProperties) = preSolution
		HideSolutionNode = FALSE
	EndGlobalSection
	GlobalSection(ExtensibilityGlobals) = postSolution
		SolutionGuid = {1418071E-2C6B-4547-BF26-AF5105F45201}
	EndGlobalSection
EndGlobal
